
Microsoft Visual Studio Solution File, Format Version 12.00
# Visual Studio 15
VisualStudioVersion = 15.0.28307.168
MinimumVisualStudioVersion = 10.0.40219.1
Project("{FAE04EC0-301F-11D3-BF4B-00C04F79EFBC}") = "FEB27", "FEB27\FEB27.csproj", "{7284E3BB-09AF-4857-B7C9-896D00527A61}"
EndProject
Project("{FAE04EC0-301F-11D3-BF4B-00C04F79EFBC}") = "C0732156.UnitTests", "C0732156UnitTests\C0732156.UnitTests.csproj", "{16440DCF-45D5-4BCB-94E9-8E9D105F05F3}"
EndProject
Global
	GlobalSection(SolutionConfigurationPlatforms) = preSolution
		Debug|Any CPU = Debug|Any CPU
		Release|Any CPU = Release|Any CPU
	EndGlobalSection
	GlobalSection(ProjectConfigurationPlatforms) = postSolution
		{7284E3BB-09AF-4857-B7C9-896D00527A61}.Debug|Any CPU.ActiveCfg = Debug|Any CPU
		{7284E3BB-09AF-4857-B7C9-896D00527A61}.Debug|Any CPU.Build.0 = Debug|Any CPU
		{7284E3BB-09AF-4857-B7C9-896D00527A61}.Release|Any CPU.ActiveCfg = Release|Any CPU
		{7284E3BB-09AF-4857-B7C9-896D00527A61}.Release|Any CPU.Build.0 = Release|Any CPU
		{16440DCF-45D5-4BCB-94E9-8E9D105F05F3}.Debug|Any CPU.ActiveCfg = Debug|Any CPU
		{16440DCF-45D5-4BCB-94E9-8E9D105F05F3}.Debug|Any CPU.Build.0 = Debug|Any CPU
		{16440DCF-45D5-4BCB-94E9-8E9D105F05F3}.Release|Any CPU.ActiveCfg = Release|Any CPU
		{16440DCF-45D5-4BCB-94E9-8E9D105F05F3}.Release|Any CPU.Build.0 = Release|Any CPU
	EndGlobalSection
	GlobalSection(SolutionProperties) = preSolution
		HideSolutionNode = FALSE
	EndGlobalSection
	GlobalSection(ExtensibilityGlobals) = postSolution
		SolutionGuid = {099350E6-30C6-4E47-985F-F06D58002F26}
	EndGlobalSection
EndGlobal
